{
  "version": 4,
  "terraform_version": "1.3.5",
  "serial": 15,
  "lineage": "0c9fde9f-36e6-8364-f5aa-ecc0498c5ed1",
  "outputs": {},
  "resources": [
    {
      "mode": "data",
      "type": "aws_vpc",
      "name": "default",
      "provider": "provider[\"registry.terraform.io/hashicorp/aws\"]",
      "instances": [
        {
          "schema_version": 0,
          "attributes": {
            "arn": "arn:aws:ec2:us-east-1:524930906242:vpc/vpc-216cbe5b",
            "cidr_block": "172.31.0.0/16",
            "cidr_block_associations": [
              {
                "association_id": "vpc-cidr-assoc-1200af7e",
                "cidr_block": "172.31.0.0/16",
                "state": "associated"
              }
            ],
            "default": true,
            "dhcp_options_id": "dopt-00f9867b",
            "enable_dns_hostnames": true,
            "enable_dns_support": true,
            "enable_network_address_usage_metrics": false,
            "filter": null,
            "id": "vpc-216cbe5b",
            "instance_tenancy": "default",
            "ipv6_association_id": "",
            "ipv6_cidr_block": "",
            "main_route_table_id": "rtb-3dcf9642",
            "owner_id": "524930906242",
            "state": null,
            "tags": {},
            "timeouts": null
          },
          "sensitive_attributes": []
        }
      ]
    },
    {
      "mode": "managed",
      "type": "aws_instance",
      "name": "prod",
      "provider": "provider[\"registry.terraform.io/hashicorp/aws\"]",
      "instances": [
        {
          "schema_version": 1,
          "attributes": {
            "ami": "ami-0915bcb5fa77e4892",
            "arn": "arn:aws:ec2:us-east-1:524930906242:instance/i-08d54390858050af2",
            "associate_public_ip_address": true,
            "availability_zone": "us-east-1a",
            "capacity_reservation_specification": [
              {
                "capacity_reservation_preference": "open",
                "capacity_reservation_target": []
              }
            ],
            "cpu_core_count": 1,
            "cpu_threads_per_core": 1,
            "credit_specification": [
              {
                "cpu_credits": "standard"
              }
            ],
            "disable_api_stop": false,
            "disable_api_termination": false,
            "ebs_block_device": [],
            "ebs_optimized": false,
            "enclave_options": [
              {
                "enabled": false
              }
            ],
            "ephemeral_block_device": [],
            "get_password_data": false,
            "hibernation": false,
            "host_id": null,
            "host_resource_group_arn": null,
            "iam_instance_profile": "",
            "id": "i-08d54390858050af2",
            "instance_initiated_shutdown_behavior": "stop",
            "instance_state": "running",
            "instance_type": "t2.micro",
            "ipv6_address_count": 0,
            "ipv6_addresses": [],
            "key_name": "ssh_instance_key",
            "launch_template": [],
            "maintenance_options": [
              {
                "auto_recovery": "default"
              }
            ],
            "metadata_options": [
              {
                "http_endpoint": "enabled",
                "http_put_response_hop_limit": 1,
                "http_tokens": "optional",
                "instance_metadata_tags": "disabled"
              }
            ],
            "monitoring": false,
            "network_interface": [],
            "outpost_arn": "",
            "password_data": "",
            "placement_group": "",
            "placement_partition_number": null,
            "primary_network_interface_id": "eni-0d7791d2c5b8fcc73",
            "private_dns": "ip-172-31-89-66.ec2.internal",
            "private_dns_name_options": [
              {
                "enable_resource_name_dns_a_record": false,
                "enable_resource_name_dns_aaaa_record": false,
                "hostname_type": "ip-name"
              }
            ],
            "private_ip": "172.31.89.66",
            "public_dns": "ec2-3-83-127-148.compute-1.amazonaws.com",
            "public_ip": "3.83.127.148",
            "root_block_device": [
              {
                "delete_on_termination": true,
                "device_name": "/dev/xvda",
                "encrypted": false,
                "iops": 100,
                "kms_key_id": "",
                "tags": {},
                "throughput": 0,
                "volume_id": "vol-0ada0368364514f2c",
                "volume_size": 8,
                "volume_type": "gp2"
              }
            ],
            "secondary_private_ips": [],
            "security_groups": [
              "default",
              "http_https"
            ],
            "source_dest_check": true,
            "subnet_id": "subnet-46f17d68",
            "tags": {},
            "tags_all": {},
            "tenancy": "default",
            "timeouts": null,
            "user_data": "1b8be7e0ffdf3f5f8ae421412fdadb0a1e302fc2",
            "user_data_base64": null,
            "user_data_replace_on_change": false,
            "volume_tags": null,
            "vpc_security_group_ids": [
              "sg-08c955ac5a8624e8f",
              "sg-3234f37d"
            ]
          },
          "sensitive_attributes": [],
          "private": "eyJlMmJmYjczMC1lY2FhLTExZTYtOGY4OC0zNDM2M2JjN2M0YzAiOnsiY3JlYXRlIjo2MDAwMDAwMDAwMDAsImRlbGV0ZSI6MTIwMDAwMDAwMDAwMCwidXBkYXRlIjo2MDAwMDAwMDAwMDB9LCJzY2hlbWFfdmVyc2lvbiI6IjEifQ==",
          "dependencies": [
            "aws_key_pair.user_ssh"
          ]
        }
      ]
    },
    {
      "mode": "managed",
      "type": "aws_key_pair",
      "name": "user_ssh",
      "provider": "provider[\"registry.terraform.io/hashicorp/aws\"]",
      "instances": [
        {
          "schema_version": 1,
          "attributes": {
            "arn": "arn:aws:ec2:us-east-1:524930906242:key-pair/ssh_instance_key",
            "fingerprint": "de:2a:44:a7:1b:f6:14:07:16:2f:f3:76:d1:5a:18:a2",
            "id": "ssh_instance_key",
            "key_name": "ssh_instance_key",
            "key_name_prefix": "",
            "key_pair_id": "key-0f5a3b173aa1d5edf",
            "key_type": "rsa",
            "public_key": "ssh-rsa AAAAB3NzaC1yc2EAAAADAQABAAACAQCeePm0dhNwR+JbtMngXjwvH/vL86XLCJoBcmkYfcS6jn0tsEsHGTjqMskmMdTdNgyHUQ8M/wy2mxpuw3L6hggRvPwYlFj2zc5sMgsI2f5zv2tt537bNgAC65wkc24JkZkYuZrG4bRjUDN8LPehUyQzklOAvTz4Drb8mhb4OFdsKQA0zgkuO/JJMM+U1EMWhgwVkUwpOvNN7doGSL9/d8IHQSPUcub1mel/0hqUbhBTAPvSN5HukKJILnkh4AlHcY9SSXQD/47Z6yOGMWgTIOzIS/EesXH0QpqI+e6xIw0w2jsGKWPlN+lyG/9RcxnC57hoOjUSqTb+2LQlAZYUqzSzZ5+dB/FhLnGJRFlWioLCESdzWdn1o698LieXHa23K6lK0dRNT6fJ5dXxT0VWVwlGjshjnYmj7AYoKJPOEVvGKgWF4P3M8qtLDwoqdFMetLnSdkSZXeY0h9rQ1xViFgfhZt7gSnQQfYlI3TtCUmnzZc7xlQIwuCs37YWsKHzwVD/C+mHaFmDhW4qRlpJ59glxSDeB9kmqLi7eDGs7yri74mwxbpdoWWgBL/xGDdIw2ldsMSoIPfzrwBHQj1Ujgn5ig4SPRfwcY/Zavgkj0v9WpDI5TzmJ0d+nvj0+Yd0OtZVB9x2GEAFEIHG2ZrYktOfQdgJmA5RuUkMbrf7sj2Jbkw== iq.davidh@gmail.com",
            "tags": {},
            "tags_all": {}
          },
          "sensitive_attributes": [],
          "private": "eyJzY2hlbWFfdmVyc2lvbiI6IjEifQ=="
        }
      ]
    },
    {
      "mode": "managed",
      "type": "aws_network_interface_sg_attachment",
      "name": "sg_attachment",
      "provider": "provider[\"registry.terraform.io/hashicorp/aws\"]",
      "instances": [
        {
          "schema_version": 0,
          "attributes": {
            "id": "sg-08c955ac5a8624e8f_eni-0d7791d2c5b8fcc73",
            "network_interface_id": "eni-0d7791d2c5b8fcc73",
            "security_group_id": "sg-08c955ac5a8624e8f"
          },
          "sensitive_attributes": [],
          "private": "bnVsbA==",
          "dependencies": [
            "aws_instance.prod",
            "aws_key_pair.user_ssh",
            "aws_security_group.http_https",
            "data.aws_vpc.default"
          ]
        }
      ]
    },
    {
      "mode": "managed",
      "type": "aws_security_group",
      "name": "http_https",
      "provider": "provider[\"registry.terraform.io/hashicorp/aws\"]",
      "instances": [
        {
          "schema_version": 1,
          "attributes": {
            "arn": "arn:aws:ec2:us-east-1:524930906242:security-group/sg-08c955ac5a8624e8f",
            "description": "Allows http and https traffics only",
            "egress": [],
            "id": "sg-08c955ac5a8624e8f",
            "ingress": [
              {
                "cidr_blocks": [
                  "172.31.0.0/16",
                  "0.0.0.0/0"
                ],
                "description": "Https from the internet",
                "from_port": 443,
                "ipv6_cidr_blocks": [],
                "prefix_list_ids": [],
                "protocol": "tcp",
                "security_groups": [],
                "self": false,
                "to_port": 443
              },
              {
                "cidr_blocks": [
                  "172.31.0.0/16",
                  "0.0.0.0/0"
                ],
                "description": "http from the internet",
                "from_port": 80,
                "ipv6_cidr_blocks": [],
                "prefix_list_ids": [],
                "protocol": "tcp",
                "security_groups": [],
                "self": false,
                "to_port": 80
              }
            ],
            "name": "http_https",
            "name_prefix": "",
            "owner_id": "524930906242",
            "revoke_rules_on_delete": false,
            "tags": {},
            "tags_all": {},
            "timeouts": null,
            "vpc_id": "vpc-216cbe5b"
          },
          "sensitive_attributes": [],
          "private": "eyJlMmJmYjczMC1lY2FhLTExZTYtOGY4OC0zNDM2M2JjN2M0YzAiOnsiY3JlYXRlIjo2MDAwMDAwMDAwMDAsImRlbGV0ZSI6OTAwMDAwMDAwMDAwfSwic2NoZW1hX3ZlcnNpb24iOiIxIn0=",
          "dependencies": [
            "data.aws_vpc.default"
          ]
        }
      ]
    }
  ],
  "check_results": null
}
